
Microsoft Visual Studio Solution File, Format Version 12.00
# Visual Studio Version 17
VisualStudioVersion = 17.8.34525.116
MinimumVisualStudioVersion = 10.0.40219.1
Project("{FAE04EC0-301F-11D3-BF4B-00C04F79EFBC}") = "ExodusMudClient", "ExodusMudClient.csproj", "{F05C7635-8EAE-44B5-8507-BD4138A84D39}"
EndProject
Global
	GlobalSection(SolutionConfigurationPlatforms) = preSolution
		Debug|Any CPU = Debug|Any CPU
		Release|Any CPU = Release|Any CPU
	EndGlobalSection
	GlobalSection(ProjectConfigurationPlatforms) = postSolution
		{F05C7635-8EAE-44B5-8507-BD4138A84D39}.Debug|Any CPU.ActiveCfg = Debug|Any CPU
		{F05C7635-8EAE-44B5-8507-BD4138A84D39}.Debug|Any CPU.Build.0 = Debug|Any CPU
		{F05C7635-8EAE-44B5-8507-BD4138A84D39}.Release|Any CPU.ActiveCfg = Release|Any CPU
		{F05C7635-8EAE-44B5-8507-BD4138A84D39}.Release|Any CPU.Build.0 = Release|Any CPU
	EndGlobalSection
	GlobalSection(SolutionProperties) = preSolution
		HideSolutionNode = FALSE
	EndGlobalSection
	GlobalSection(ExtensibilityGlobals) = postSolution
		SolutionGuid = {DBED02E1-699A-40F5-8A05-67DDE87A03E4}
	EndGlobalSection
EndGlobal
